
Microsoft Visual Studio Solution File, Format Version 12.00
# Visual Studio 2012
Project("{F2A71F9B-5D33-465A-A702-920D77279786}") = "Z3Fs", "Z3Fs\Z3Fs.fsproj", "{F21BFF7B-A345-45A1-99F6-DF78883877BD}"
EndProject
Project("{2150E333-8FDC-42A3-9474-1A3956D46DE8}") = "Examples", "Examples", "{185EE158-80EF-4359-89D7-833DAB6E9208}"
	ProjectSection(SolutionItems) = preProject
		Examples\DogCatMouse.fsx = Examples\DogCatMouse.fsx
		Examples\Simple.fsx = Examples\Simple.fsx
		Examples\Examples.fsx = Examples\Examples.fsx
	EndProjectSection
EndProject
Global
	GlobalSection(SolutionConfigurationPlatforms) = preSolution
		Debug|Any CPU = Debug|Any CPU
		Release|Any CPU = Release|Any CPU
	EndGlobalSection
	GlobalSection(ProjectConfigurationPlatforms) = postSolution
		{F21BFF7B-A345-45A1-99F6-DF78883877BD}.Debug|Any CPU.ActiveCfg = Debug|Any CPU
		{F21BFF7B-A345-45A1-99F6-DF78883877BD}.Debug|Any CPU.Build.0 = Debug|Any CPU
		{F21BFF7B-A345-45A1-99F6-DF78883877BD}.Release|Any CPU.ActiveCfg = Release|Any CPU
		{F21BFF7B-A345-45A1-99F6-DF78883877BD}.Release|Any CPU.Build.0 = Release|Any CPU
	EndGlobalSection
	GlobalSection(SolutionProperties) = preSolution
		HideSolutionNode = FALSE
	EndGlobalSection
EndGlobal
